github.com/google/go-cmp v0.5.9 h1:O2Tfq5qg4qc4AmwVlvv0oLiVAGB7enBSJ2x2DqQFi38=
github.com/google/go-cmp v0.5.9/go.mod h1:17dUlkBOakJ0+DkrSSNjCkIjxS6bF9zb3elmeNGIjoY=
github.com/itchyny/timefmt-go v0.1.5 h1:G0INE2la8S6ru/ZI5JecgyzbbJNs5lG1RcBqa7Jm6GE=
github.com/itchyny/timefmt-go v0.1.5/go.mod h1:nEP7L+2YmAbT2kZ2HfSs1d8Xtw9LY8D2stDBckWakZ8=
